
Microsoft Visual Studio Solution File, Format Version 12.00
# Visual Studio Version 17
VisualStudioVersion = 17.3.32922.545
MinimumVisualStudioVersion = 10.0.40219.1
Project("{9A19103F-16F7-4668-BE54-9A1E7A4F7556}") = "insoLyrics", "insoLyrics\insoLyrics.csproj", "{1FC2E73B-1C2B-4347-BCE3-F4503BCAEA2B}"
EndProject
Project("{9A19103F-16F7-4668-BE54-9A1E7A4F7556}") = "insoLyrics.Tests", "insoLyrics.Tests\insoLyrics.Tests.csproj", "{70D16610-596A-49C8-A0D8-96FC6C0FC32F}"
EndProject
Project("{8BC9CEB8-8B4A-11D0-8D11-00A0C91BC942}") = "Server", "Server\Server.vcxproj", "{55B49E76-AA07-447F-ADE2-B170269EC1EB}"
EndProject
Global
	GlobalSection(SolutionConfigurationPlatforms) = preSolution
		Debug|Any CPU = Debug|Any CPU
		Debug|x86 = Debug|x86
		Release|Any CPU = Release|Any CPU
		Release|x86 = Release|x86
	EndGlobalSection
	GlobalSection(ProjectConfigurationPlatforms) = postSolution
		{1FC2E73B-1C2B-4347-BCE3-F4503BCAEA2B}.Debug|Any CPU.ActiveCfg = Debug|Any CPU
		{1FC2E73B-1C2B-4347-BCE3-F4503BCAEA2B}.Debug|Any CPU.Build.0 = Debug|Any CPU
		{1FC2E73B-1C2B-4347-BCE3-F4503BCAEA2B}.Debug|x86.ActiveCfg = Debug|Any CPU
		{1FC2E73B-1C2B-4347-BCE3-F4503BCAEA2B}.Debug|x86.Build.0 = Debug|Any CPU
		{1FC2E73B-1C2B-4347-BCE3-F4503BCAEA2B}.Release|Any CPU.ActiveCfg = Release|Any CPU
		{1FC2E73B-1C2B-4347-BCE3-F4503BCAEA2B}.Release|Any CPU.Build.0 = Release|Any CPU
		{1FC2E73B-1C2B-4347-BCE3-F4503BCAEA2B}.Release|x86.ActiveCfg = Release|Any CPU
		{1FC2E73B-1C2B-4347-BCE3-F4503BCAEA2B}.Release|x86.Build.0 = Release|Any CPU
		{70D16610-596A-49C8-A0D8-96FC6C0FC32F}.Debug|Any CPU.ActiveCfg = Debug|Any CPU
		{70D16610-596A-49C8-A0D8-96FC6C0FC32F}.Debug|Any CPU.Build.0 = Debug|Any CPU
		{70D16610-596A-49C8-A0D8-96FC6C0FC32F}.Debug|x86.ActiveCfg = Debug|Any CPU
		{70D16610-596A-49C8-A0D8-96FC6C0FC32F}.Debug|x86.Build.0 = Debug|Any CPU
		{70D16610-596A-49C8-A0D8-96FC6C0FC32F}.Release|Any CPU.ActiveCfg = Release|Any CPU
		{70D16610-596A-49C8-A0D8-96FC6C0FC32F}.Release|Any CPU.Build.0 = Release|Any CPU
		{70D16610-596A-49C8-A0D8-96FC6C0FC32F}.Release|x86.ActiveCfg = Release|Any CPU
		{70D16610-596A-49C8-A0D8-96FC6C0FC32F}.Release|x86.Build.0 = Release|Any CPU
		{55B49E76-AA07-447F-ADE2-B170269EC1EB}.Debug|Any CPU.ActiveCfg = Debug|Win32
		{55B49E76-AA07-447F-ADE2-B170269EC1EB}.Debug|Any CPU.Build.0 = Debug|Win32
		{55B49E76-AA07-447F-ADE2-B170269EC1EB}.Debug|x86.ActiveCfg = Debug|Win32
		{55B49E76-AA07-447F-ADE2-B170269EC1EB}.Debug|x86.Build.0 = Debug|Win32
		{55B49E76-AA07-447F-ADE2-B170269EC1EB}.Release|Any CPU.ActiveCfg = Release|Win32
		{55B49E76-AA07-447F-ADE2-B170269EC1EB}.Release|Any CPU.Build.0 = Release|Win32
		{55B49E76-AA07-447F-ADE2-B170269EC1EB}.Release|x86.ActiveCfg = Release|Win32
		{55B49E76-AA07-447F-ADE2-B170269EC1EB}.Release|x86.Build.0 = Release|Win32
	EndGlobalSection
	GlobalSection(SolutionProperties) = preSolution
		HideSolutionNode = FALSE
	EndGlobalSection
	GlobalSection(ExtensibilityGlobals) = postSolution
		SolutionGuid = {9718C9C2-39E4-4C56-BC2C-402C91DF2DED}
	EndGlobalSection
EndGlobal
